
Microsoft Visual Studio Solution File, Format Version 12.00
# Visual Studio Version 16
VisualStudioVersion = 16.0.29306.81
MinimumVisualStudioVersion = 10.0.40219.1
Project("{FAE04EC0-301F-11D3-BF4B-00C04F79EFBC}") = "distancia entre pontos", "distancia entre pontos\distancia entre pontos.csproj", "{A4AB65A9-E892-4242-A45E-DF8C8668C1CD}"
EndProject
Global
	GlobalSection(SolutionConfigurationPlatforms) = preSolution
		Debug|Any CPU = Debug|Any CPU
		Release|Any CPU = Release|Any CPU
	EndGlobalSection
	GlobalSection(ProjectConfigurationPlatforms) = postSolution
		{A4AB65A9-E892-4242-A45E-DF8C8668C1CD}.Debug|Any CPU.ActiveCfg = Debug|Any CPU
		{A4AB65A9-E892-4242-A45E-DF8C8668C1CD}.Debug|Any CPU.Build.0 = Debug|Any CPU
		{A4AB65A9-E892-4242-A45E-DF8C8668C1CD}.Release|Any CPU.ActiveCfg = Release|Any CPU
		{A4AB65A9-E892-4242-A45E-DF8C8668C1CD}.Release|Any CPU.Build.0 = Release|Any CPU
	EndGlobalSection
	GlobalSection(SolutionProperties) = preSolution
		HideSolutionNode = FALSE
	EndGlobalSection
	GlobalSection(ExtensibilityGlobals) = postSolution
		SolutionGuid = {CD179F75-48A6-4A66-9FFE-A6D94B0BBC8E}
	EndGlobalSection
EndGlobal
